<?xml version="1.0" encoding="utf-8"?>
<Project ToolsVersion="4.0" xmlns="http://schemas.microsoft.com/developer/msbuild/2003">
  <ItemGroup>
    <Filter Include="Header Files">
      <UniqueIdentifier>{1e9e61cf-0e3c-4b79-955f-9f077eabdb3e}</UniqueIdentifier>
      <Extensions>.h;.hpp</Extensions>
    </Filter>
    <Filter Include="Source Files">
      <UniqueIdentifier>{0465ef4f-be03-463e-81e5-5a399f32620f}</UniqueIdentifier>
      <Extensions>.cpp</Extensions>
    </Filter>
    <Filter Include="Miscellaneous">
      <UniqueIdentifier>{5e447502-2b0f-49c8-9df5-45ea9e7fcfbd}</UniqueIdentifier>
    </Filter>
  </ItemGroup>
  <ItemGroup>
    <ClCompile Include="$(SolutionDir)\repositories\cryptopp\3way.cpp">
      <Filter>Source Files</Filter>
    </ClCompile>
    <ClCompile Include="$(SolutionDir)\repositories\cryptopp\adler32.cpp">
      <Filter>Source Files</Filter>
    </ClCompile>
    <ClCompile Include="$(SolutionDir)\repositories\cryptopp\algebra.cpp">
      <Filter>Source Files</Filter>
    </ClCompile>
    <ClCompile Include="$(SolutionDir)\repositories\cryptopp\algparam.cpp">
      <Filter>Source Files</Filter>
    </ClCompile>
    <ClCompile Include="$(SolutionDir)\repositories\cryptopp\arc4.cpp">
      <Filter>Source Files</Filter>
    </ClCompile>
    <ClCompile Include="$(SolutionDir)\repositories\cryptopp\aria.cpp">
      <Filter>Source Files</Filter>
    </ClCompile>
    <ClCompile Include="$(SolutionDir)\repositories\cryptopp\ariatab.cpp">
      <Filter>Source Files</Filter>
    </ClCompile>
    <ClCompile Include="$(SolutionDir)\repositories\cryptopp\asn.cpp">
      <Filter>Source Files</Filter>
    </ClCompile>
    <ClCompile Include="$(SolutionDir)\repositories\cryptopp\authenc.cpp">
      <Filter>Source Files</Filter>
    </ClCompile>
    <ClCompile Include="$(SolutionDir)\repositories\cryptopp\base32.cpp">
      <Filter>Source Files</Filter>
    </ClCompile>
    <ClCompile Include="$(SolutionDir)\repositories\cryptopp\base64.cpp">
      <Filter>Source Files</Filter>
    </ClCompile>
    <ClCompile Include="$(SolutionDir)\repositories\cryptopp\basecode.cpp">
      <Filter>Source Files</Filter>
    </ClCompile>
    <ClCompile Include="$(SolutionDir)\repositories\cryptopp\bfinit.cpp">
      <Filter>Source Files</Filter>
    </ClCompile>
    <ClCompile Include="$(SolutionDir)\repositories\cryptopp\blake2.cpp">
      <Filter>Source Files</Filter>
    </ClCompile>
    <ClCompile Include="$(SolutionDir)\repositories\cryptopp\blowfish.cpp">
      <Filter>Source Files</Filter>
    </ClCompile>
    <ClCompile Include="$(SolutionDir)\repositories\cryptopp\blumshub.cpp">
      <Filter>Source Files</Filter>
    </ClCompile>
    <ClCompile Include="$(SolutionDir)\repositories\cryptopp\camellia.cpp">
      <Filter>Source Files</Filter>
    </ClCompile>
    <ClCompile Include="$(SolutionDir)\repositories\cryptopp\cast.cpp">
      <Filter>Source Files</Filter>
    </ClCompile>
    <ClCompile Include="$(SolutionDir)\repositories\cryptopp\casts.cpp">
      <Filter>Source Files</Filter>
    </ClCompile>
    <ClCompile Include="$(SolutionDir)\repositories\cryptopp\cbcmac.cpp">
      <Filter>Source Files</Filter>
    </ClCompile>
    <ClCompile Include="$(SolutionDir)\repositories\cryptopp\ccm.cpp">
      <Filter>Source Files</Filter>
    </ClCompile>
    <ClCompile Include="$(SolutionDir)\repositories\cryptopp\chacha.cpp">
      <Filter>Source Files</Filter>
    </ClCompile>
    <ClCompile Include="$(SolutionDir)\repositories\cryptopp\channels.cpp">
      <Filter>Source Files</Filter>
    </ClCompile>
    <ClCompile Include="$(SolutionDir)\repositories\cryptopp\cmac.cpp">
      <Filter>Source Files</Filter>
    </ClCompile>
    <ClCompile Include="$(SolutionDir)\repositories\cryptopp\cpu.cpp">
      <Filter>Source Files</Filter>
    </ClCompile>
    <ClCompile Include="$(SolutionDir)\repositories\cryptopp\crc.cpp">
      <Filter>Source Files</Filter>
    </ClCompile>
    <ClCompile Include="$(SolutionDir)\repositories\cryptopp\cryptlib.cpp">
      <Filter>Source Files</Filter>
    </ClCompile>
    <ClCompile Include="$(SolutionDir)\repositories\cryptopp\default.cpp">
      <Filter>Source Files</Filter>
    </ClCompile>
    <ClCompile Include="$(SolutionDir)\repositories\cryptopp\des.cpp">
      <Filter>Source Files</Filter>
    </ClCompile>
    <ClCompile Include="$(SolutionDir)\repositories\cryptopp\dessp.cpp">
      <Filter>Source Files</Filter>
    </ClCompile>
    <ClCompile Include="$(SolutionDir)\repositories\cryptopp\dh.cpp">
      <Filter>Source Files</Filter>
    </ClCompile>
    <ClCompile Include="$(SolutionDir)\repositories\cryptopp\dh2.cpp">
      <Filter>Source Files</Filter>
    </ClCompile>
    <ClCompile Include="$(SolutionDir)\repositories\cryptopp\dll.cpp">
      <Filter>Source Files</Filter>
    </ClCompile>
    <ClCompile Include="$(SolutionDir)\repositories\cryptopp\dsa.cpp">
      <Filter>Source Files</Filter>
    </ClCompile>
    <ClCompile Include="$(SolutionDir)\repositories\cryptopp\eax.cpp">
      <Filter>Source Files</Filter>
    </ClCompile>
    <ClCompile Include="$(SolutionDir)\repositories\cryptopp\ec2n.cpp">
      <Filter>Source Files</Filter>
    </ClCompile>
    <ClCompile Include="$(SolutionDir)\repositories\cryptopp\eccrypto.cpp">
      <Filter>Source Files</Filter>
    </ClCompile>
    <ClCompile Include="$(SolutionDir)\repositories\cryptopp\ecp.cpp">
      <Filter>Source Files</Filter>
    </ClCompile>
    <ClCompile Include="$(SolutionDir)\repositories\cryptopp\elgamal.cpp">
      <Filter>Source Files</Filter>
    </ClCompile>
    <ClCompile Include="$(SolutionDir)\repositories\cryptopp\emsa2.cpp">
      <Filter>Source Files</Filter>
    </ClCompile>
    <ClCompile Include="$(SolutionDir)\repositories\cryptopp\eprecomp.cpp">
      <Filter>Source Files</Filter>
    </ClCompile>
    <ClCompile Include="$(SolutionDir)\repositories\cryptopp\esign.cpp">
      <Filter>Source Files</Filter>
    </ClCompile>
    <ClCompile Include="$(SolutionDir)\repositories\cryptopp\files.cpp">
      <Filter>Source Files</Filter>
    </ClCompile>
    <ClCompile Include="$(SolutionDir)\repositories\cryptopp\filters.cpp">
      <Filter>Source Files</Filter>
    </ClCompile>
    <ClCompile Include="$(SolutionDir)\repositories\cryptopp\fips140.cpp">
      <Filter>Source Files</Filter>
    </ClCompile>
    <ClCompile Include="$(SolutionDir)\repositories\cryptopp\fipstest.cpp">
      <Filter>Source Files</Filter>
    </ClCompile>
    <ClCompile Include="$(SolutionDir)\repositories\cryptopp\gcm.cpp">
      <Filter>Source Files</Filter>
    </ClCompile>
    <ClCompile Include="$(SolutionDir)\repositories\cryptopp\gf256.cpp">
      <Filter>Source Files</Filter>
    </ClCompile>
    <ClCompile Include="$(SolutionDir)\repositories\cryptopp\gf2_32.cpp">
      <Filter>Source Files</Filter>
    </ClCompile>
    <ClCompile Include="$(SolutionDir)\repositories\cryptopp\gf2n.cpp">
      <Filter>Source Files</Filter>
    </ClCompile>
    <ClCompile Include="$(SolutionDir)\repositories\cryptopp\gfpcrypt.cpp">
      <Filter>Source Files</Filter>
    </ClCompile>
    <ClCompile Include="$(SolutionDir)\repositories\cryptopp\gost.cpp">
      <Filter>Source Files</Filter>
    </ClCompile>
    <ClCompile Include="$(SolutionDir)\repositories\cryptopp\gzip.cpp">
      <Filter>Source Files</Filter>
    </ClCompile>
    <ClCompile Include="$(SolutionDir)\repositories\cryptopp\hex.cpp">
      <Filter>Source Files</Filter>
    </ClCompile>
    <ClCompile Include="$(SolutionDir)\repositories\cryptopp\hmac.cpp">
      <Filter>Source Files</Filter>
    </ClCompile>
    <ClCompile Include="$(SolutionDir)\repositories\cryptopp\hrtimer.cpp">
      <Filter>Source Files</Filter>
    </ClCompile>
    <ClCompile Include="$(SolutionDir)\repositories\cryptopp\ida.cpp">
      <Filter>Source Files</Filter>
    </ClCompile>
    <ClCompile Include="$(SolutionDir)\repositories\cryptopp\idea.cpp">
      <Filter>Source Files</Filter>
    </ClCompile>
    <ClCompile Include="$(SolutionDir)\repositories\cryptopp\integer.cpp">
      <Filter>Source Files</Filter>
    </ClCompile>
    <ClCompile Include="$(SolutionDir)\repositories\cryptopp\iterhash.cpp">
      <Filter>Source Files</Filter>
    </ClCompile>
    <ClCompile Include="$(SolutionDir)\repositories\cryptopp\kalyna.cpp">
      <Filter>Source Files</Filter>
    </ClCompile>
    <ClCompile Include="$(SolutionDir)\repositories\cryptopp\kalynatab.cpp">
      <Filter>Source Files</Filter>
    </ClCompile>
    <ClCompile Include="$(SolutionDir)\repositories\cryptopp\keccak.cpp">
      <Filter>Source Files</Filter>
    </ClCompile>
    <ClCompile Include="$(SolutionDir)\repositories\cryptopp\luc.cpp">
      <Filter>Source Files</Filter>
    </ClCompile>
    <ClCompile Include="$(SolutionDir)\repositories\cryptopp\mars.cpp">
      <Filter>Source Files</Filter>
    </ClCompile>
    <ClCompile Include="$(SolutionDir)\repositories\cryptopp\marss.cpp">
      <Filter>Source Files</Filter>
    </ClCompile>
    <ClCompile Include="$(SolutionDir)\repositories\cryptopp\md2.cpp">
      <Filter>Source Files</Filter>
    </ClCompile>
    <ClCompile Include="$(SolutionDir)\repositories\cryptopp\md4.cpp">
      <Filter>Source Files</Filter>
    </ClCompile>
    <ClCompile Include="$(SolutionDir)\repositories\cryptopp\md5.cpp">
      <Filter>Source Files</Filter>
    </ClCompile>
    <ClCompile Include="$(SolutionDir)\repositories\cryptopp\misc.cpp">
      <Filter>Source Files</Filter>
    </ClCompile>
    <ClCompile Include="$(SolutionDir)\repositories\cryptopp\modes.cpp">
      <Filter>Source Files</Filter>
    </ClCompile>
    <ClCompile Include="$(SolutionDir)\repositories\cryptopp\mqueue.cpp">
      <Filter>Source Files</Filter>
    </ClCompile>
    <ClCompile Include="$(SolutionDir)\repositories\cryptopp\mqv.cpp">
      <Filter>Source Files</Filter>
    </ClCompile>
    <ClCompile Include="$(SolutionDir)\repositories\cryptopp\nbtheory.cpp">
      <Filter>Source Files</Filter>
    </ClCompile>
    <ClCompile Include="$(SolutionDir)\repositories\cryptopp\oaep.cpp">
      <Filter>Source Files</Filter>
    </ClCompile>
    <ClCompile Include="$(SolutionDir)\repositories\cryptopp\osrng.cpp">
      <Filter>Source Files</Filter>
    </ClCompile>
    <ClCompile Include="$(SolutionDir)\repositories\cryptopp\padlkrng.cpp">
      <Filter>Source Files</Filter>
    </ClCompile>
    <ClCompile Include="$(SolutionDir)\repositories\cryptopp\panama.cpp">
      <Filter>Source Files</Filter>
    </ClCompile>
    <ClCompile Include="$(SolutionDir)\repositories\cryptopp\pch.cpp">
      <Filter>Source Files</Filter>
    </ClCompile>
    <ClCompile Include="$(SolutionDir)\repositories\cryptopp\pkcspad.cpp">
      <Filter>Source Files</Filter>
    </ClCompile>
    <ClCompile Include="$(SolutionDir)\repositories\cryptopp\poly1305.cpp">
      <Filter>Source Files</Filter>
    </ClCompile>
    <ClCompile Include="$(SolutionDir)\repositories\cryptopp\polynomi.cpp">
      <Filter>Source Files</Filter>
    </ClCompile>
    <ClCompile Include="$(SolutionDir)\repositories\cryptopp\pssr.cpp">
      <Filter>Source Files</Filter>
    </ClCompile>
    <ClCompile Include="$(SolutionDir)\repositories\cryptopp\pubkey.cpp">
      <Filter>Source Files</Filter>
    </ClCompile>
    <ClCompile Include="$(SolutionDir)\repositories\cryptopp\queue.cpp">
      <Filter>Source Files</Filter>
    </ClCompile>
    <ClCompile Include="$(SolutionDir)\repositories\cryptopp\rabin.cpp">
      <Filter>Source Files</Filter>
    </ClCompile>
    <ClCompile Include="$(SolutionDir)\repositories\cryptopp\randpool.cpp">
      <Filter>Source Files</Filter>
    </ClCompile>
    <ClCompile Include="$(SolutionDir)\repositories\cryptopp\rc2.cpp">
      <Filter>Source Files</Filter>
    </ClCompile>
    <ClCompile Include="$(SolutionDir)\repositories\cryptopp\rc5.cpp">
      <Filter>Source Files</Filter>
    </ClCompile>
    <ClCompile Include="$(SolutionDir)\repositories\cryptopp\rc6.cpp">
      <Filter>Source Files</Filter>
    </ClCompile>
    <ClCompile Include="$(SolutionDir)\repositories\cryptopp\rdrand.cpp">
      <Filter>Source Files</Filter>
    </ClCompile>
    <ClCompile Include="$(SolutionDir)\repositories\cryptopp\rdtables.cpp">
      <Filter>Source Files</Filter>
    </ClCompile>
    <ClCompile Include="$(SolutionDir)\repositories\cryptopp\rijndael.cpp">
      <Filter>Source Files</Filter>
    </ClCompile>
    <ClCompile Include="$(SolutionDir)\repositories\cryptopp\ripemd.cpp">
      <Filter>Source Files</Filter>
    </ClCompile>
    <ClCompile Include="$(SolutionDir)\repositories\cryptopp\rng.cpp">
      <Filter>Source Files</Filter>
    </ClCompile>
    <ClCompile Include="$(SolutionDir)\repositories\cryptopp\rsa.cpp">
      <Filter>Source Files</Filter>
    </ClCompile>
    <ClCompile Include="$(SolutionDir)\repositories\cryptopp\rw.cpp">
      <Filter>Source Files</Filter>
    </ClCompile>
    <ClCompile Include="$(SolutionDir)\repositories\cryptopp\safer.cpp">
      <Filter>Source Files</Filter>
    </ClCompile>
    <ClCompile Include="$(SolutionDir)\repositories\cryptopp\salsa.cpp">
      <Filter>Source Files</Filter>
    </ClCompile>
    <ClCompile Include="$(SolutionDir)\repositories\cryptopp\seal.cpp">
      <Filter>Source Files</Filter>
    </ClCompile>
    <ClCompile Include="$(SolutionDir)\repositories\cryptopp\seed.cpp">
      <Filter>Source Files</Filter>
    </ClCompile>
    <ClCompile Include="$(SolutionDir)\repositories\cryptopp\serpent.cpp">
      <Filter>Source Files</Filter>
    </ClCompile>
    <ClCompile Include="$(SolutionDir)\repositories\cryptopp\sha.cpp">
      <Filter>Source Files</Filter>
    </ClCompile>
    <ClCompile Include="$(SolutionDir)\repositories\cryptopp\sha3.cpp">
      <Filter>Source Files</Filter>
    </ClCompile>
    <ClCompile Include="$(SolutionDir)\repositories\cryptopp\shacal2.cpp">
      <Filter>Source Files</Filter>
    </ClCompile>
    <ClCompile Include="$(SolutionDir)\repositories\cryptopp\shark.cpp">
      <Filter>Source Files</Filter>
    </ClCompile>
    <ClCompile Include="$(SolutionDir)\repositories\cryptopp\sharkbox.cpp">
      <Filter>Source Files</Filter>
    </ClCompile>
    <ClCompile Include="$(SolutionDir)\repositories\cryptopp\simon.cpp">
      <Filter>Source Files</Filter>
    </ClCompile>
    <ClCompile Include="$(SolutionDir)\repositories\cryptopp\simple.cpp">
      <Filter>Source Files</Filter>
    </ClCompile>
    <ClCompile Include="$(SolutionDir)\repositories\cryptopp\skipjack.cpp">
      <Filter>Source Files</Filter>
    </ClCompile>
    <ClCompile Include="$(SolutionDir)\repositories\cryptopp\sm3.cpp">
      <Filter>Source Files</Filter>
    </ClCompile>
    <ClCompile Include="$(SolutionDir)\repositories\cryptopp\sm4.cpp">
      <Filter>Source Files</Filter>
    </ClCompile>
    <ClCompile Include="$(SolutionDir)\repositories\cryptopp\speck.cpp">
      <Filter>Source Files</Filter>
    </ClCompile>
    <ClCompile Include="$(SolutionDir)\repositories\cryptopp\sosemanuk.cpp">
      <Filter>Source Files</Filter>
    </ClCompile>
    <ClCompile Include="$(SolutionDir)\repositories\cryptopp\square.cpp">
      <Filter>Source Files</Filter>
    </ClCompile>
    <ClCompile Include="$(SolutionDir)\repositories\cryptopp\squaretb.cpp">
      <Filter>Source Files</Filter>
    </ClCompile>
    <ClCompile Include="$(SolutionDir)\repositories\cryptopp\strciphr.cpp">
      <Filter>Source Files</Filter>
    </ClCompile>
    <ClCompile Include="$(SolutionDir)\repositories\cryptopp\tea.cpp">
      <Filter>Source Files</Filter>
    </ClCompile>
    <ClCompile Include="$(SolutionDir)\repositories\cryptopp\tftables.cpp">
      <Filter>Source Files</Filter>
    </ClCompile>
    <ClCompile Include="$(SolutionDir)\repositories\cryptopp\threefish.cpp">
      <Filter>Source Files</Filter>
    </ClCompile>
    <ClCompile Include="$(SolutionDir)\repositories\cryptopp\tiger.cpp">
      <Filter>Source Files</Filter>
    </ClCompile>
    <ClCompile Include="$(SolutionDir)\repositories\cryptopp\tigertab.cpp">
      <Filter>Source Files</Filter>
    </ClCompile>
    <ClCompile Include="$(SolutionDir)\repositories\cryptopp\ttmac.cpp">
      <Filter>Source Files</Filter>
    </ClCompile>
    <ClCompile Include="$(SolutionDir)\repositories\cryptopp\tweetnacl.cpp">
      <Filter>Source Files</Filter>
    </ClCompile>
    <ClCompile Include="$(SolutionDir)\repositories\cryptopp\twofish.cpp">
      <Filter>Source Files</Filter>
    </ClCompile>
    <ClCompile Include="$(SolutionDir)\repositories\cryptopp\vmac.cpp">
      <Filter>Source Files</Filter>
    </ClCompile>
    <ClCompile Include="$(SolutionDir)\repositories\cryptopp\wake.cpp">
      <Filter>Source Files</Filter>
    </ClCompile>
    <ClCompile Include="$(SolutionDir)\repositories\cryptopp\whrlpool.cpp">
      <Filter>Source Files</Filter>
    </ClCompile>
    <ClCompile Include="$(SolutionDir)\repositories\cryptopp\xtr.cpp">
      <Filter>Source Files</Filter>
    </ClCompile>
    <ClCompile Include="$(SolutionDir)\repositories\cryptopp\xtrcrypt.cpp">
      <Filter>Source Files</Filter>
    </ClCompile>
    <ClCompile Include="$(SolutionDir)\repositories\cryptopp\zdeflate.cpp">
      <Filter>Source Files</Filter>
    </ClCompile>
    <ClCompile Include="$(SolutionDir)\repositories\cryptopp\zinflate.cpp">
      <Filter>Source Files</Filter>
    </ClCompile>
    <ClCompile Include="$(SolutionDir)\repositories\cryptopp\zlib.cpp">
      <Filter>Source Files</Filter>
    </ClCompile>
    <ClCompile Include="$(SolutionDir)\repositories\cryptopp\allocate.cpp" />
    <ClCompile Include="$(SolutionDir)\repositories\cryptopp\aria_simd.cpp" />
    <ClCompile Include="$(SolutionDir)\repositories\cryptopp\blake2s_simd.cpp" />
    <ClCompile Include="$(SolutionDir)\repositories\cryptopp\blake2b_simd.cpp" />
    <ClCompile Include="$(SolutionDir)\repositories\cryptopp\chacha_simd.cpp" />
    <ClCompile Include="$(SolutionDir)\repositories\cryptopp\chacha_avx.cpp" />
    <ClCompile Include="$(SolutionDir)\repositories\cryptopp\chachapoly.cpp" />
    <ClCompile Include="$(SolutionDir)\repositories\cryptopp\cham.cpp" />
    <ClCompile Include="$(SolutionDir)\repositories\cryptopp\cham_simd.cpp" />
    <ClCompile Include="$(SolutionDir)\repositories\cryptopp\crc_simd.cpp" />
    <ClCompile Include="$(SolutionDir)\repositories\cryptopp\darn.cpp" />
    <ClCompile Include="$(SolutionDir)\repositories\cryptopp\donna_32.cpp" />
    <ClCompile Include="$(SolutionDir)\repositories\cryptopp\donna_64.cpp" />
    <ClCompile Include="$(SolutionDir)\repositories\cryptopp\donna_sse.cpp" />
    <ClCompile Include="$(SolutionDir)\repositories\cryptopp\gcm_simd.cpp" />
    <ClCompile Include="$(SolutionDir)\repositories\cryptopp\gf2n_simd.cpp" />
    <ClCompile Include="$(SolutionDir)\repositories\cryptopp\hc128.cpp" />
    <ClCompile Include="$(SolutionDir)\repositories\cryptopp\hc256.cpp" />
    <ClCompile Include="$(SolutionDir)\repositories\cryptopp\hight.cpp" />
    <ClCompile Include="$(SolutionDir)\repositories\cryptopp\keccak_core.cpp" />
    <ClCompile Include="$(SolutionDir)\repositories\cryptopp\keccak_simd.cpp" />
    <ClCompile Include="$(SolutionDir)\repositories\cryptopp\lea.cpp" />
    <ClCompile Include="$(SolutionDir)\repositories\cryptopp\lea_simd.cpp" />
    <ClCompile Include="$(SolutionDir)\repositories\cryptopp\rabbit.cpp" />
    <ClCompile Include="$(SolutionDir)\repositories\cryptopp\rijndael_simd.cpp" />
    <ClCompile Include="$(SolutionDir)\repositories\cryptopp\scrypt.cpp" />
    <ClCompile Include="$(SolutionDir)\repositories\cryptopp\sha_simd.cpp" />
    <ClCompile Include="$(SolutionDir)\repositories\cryptopp\shacal2_simd.cpp" />
    <ClCompile Include="$(SolutionDir)\repositories\cryptopp\shake.cpp" />
    <ClCompile Include="$(SolutionDir)\repositories\cryptopp\simeck.cpp" />
    <ClCompile Include="$(SolutionDir)\repositories\cryptopp\simeck_simd.cpp" />
    <ClCompile Include="$(SolutionDir)\repositories\cryptopp\simon64_simd.cpp" />
    <ClCompile Include="$(SolutionDir)\repositories\cryptopp\simon128_simd.cpp" />
    <ClCompile Include="$(SolutionDir)\repositories\cryptopp\sm4_simd.cpp" />
    <ClCompile Include="$(SolutionDir)\repositories\cryptopp\speck64_simd.cpp" />
    <ClCompile Include="$(SolutionDir)\repositories\cryptopp\speck128_simd.cpp" />
    <ClCompile Include="$(SolutionDir)\repositories\cryptopp\sse_simd.cpp" />
    <ClCompile Include="$(SolutionDir)\repositories\cryptopp\xed25519.cpp" />
    <ClCompile Include="$(SolutionDir)\repositories\cryptopp\xts.cpp" />
  </ItemGroup>
  <ItemGroup>
    <None Include="$(SolutionDir)\repositories\cryptopp\Doxyfile">
      <Filter>Miscellaneous</Filter>
    </None>
    <None Include="$(SolutionDir)\repositories\cryptopp\GNUmakefile">
      <Filter>Miscellaneous</Filter>
    </None>
    <None Include="$(SolutionDir)\repositories\cryptopp\License.txt">
      <Filter>Miscellaneous</Filter>
    </None>
    <None Include="$(SolutionDir)\repositories\cryptopp\Readme.txt">
      <Filter>Miscellaneous</Filter>
    </None>
    <None Include="$(SolutionDir)\repositories\cryptopp\adhoc.cpp.proto" />
  </ItemGroup>
  <ItemGroup>
    <ClInclude Include="$(SolutionDir)\repositories\cryptopp\3way.h">
      <Filter>Header Files</Filter>
    </ClInclude>
    <ClInclude Include="$(SolutionDir)\repositories\cryptopp\adler32.h">
      <Filter>Header Files</Filter>
    </ClInclude>
    <ClInclude Include="$(SolutionDir)\repositories\cryptopp\aes.h">
      <Filter>Header Files</Filter>
    </ClInclude>
    <ClInclude Include="$(SolutionDir)\repositories\cryptopp\algebra.h">
      <Filter>Header Files</Filter>
    </ClInclude>
    <ClInclude Include="$(SolutionDir)\repositories\cryptopp\algparam.h">
      <Filter>Header Files</Filter>
    </ClInclude>
    <ClInclude Include="$(SolutionDir)\repositories\cryptopp\arc4.h">
      <Filter>Header Files</Filter>
    </ClInclude>
    <ClInclude Include="$(SolutionDir)\repositories\cryptopp\aria.h">
      <Filter>Header Files</Filter>
    </ClInclude>
    <ClInclude Include="$(SolutionDir)\repositories\cryptopp\argnames.h">
      <Filter>Header Files</Filter>
    </ClInclude>
    <ClInclude Include="$(SolutionDir)\repositories\cryptopp\asn.h">
      <Filter>Header Files</Filter>
    </ClInclude>
    <ClInclude Include="$(SolutionDir)\repositories\cryptopp\authenc.h">
      <Filter>Header Files</Filter>
    </ClInclude>
    <ClInclude Include="$(SolutionDir)\repositories\cryptopp\base32.h">
      <Filter>Header Files</Filter>
    </ClInclude>
    <ClInclude Include="$(SolutionDir)\repositories\cryptopp\base64.h">
      <Filter>Header Files</Filter>
    </ClInclude>
    <ClInclude Include="$(SolutionDir)\repositories\cryptopp\basecode.h">
      <Filter>Header Files</Filter>
    </ClInclude>
    <ClInclude Include="$(SolutionDir)\repositories\cryptopp\blake2.h">
      <Filter>Header Files</Filter>
    </ClInclude>
    <ClInclude Include="$(SolutionDir)\repositories\cryptopp\blowfish.h">
      <Filter>Header Files</Filter>
    </ClInclude>
    <ClInclude Include="$(SolutionDir)\repositories\cryptopp\blumshub.h">
      <Filter>Header Files</Filter>
    </ClInclude>
    <ClInclude Include="$(SolutionDir)\repositories\cryptopp\camellia.h">
      <Filter>Header Files</Filter>
    </ClInclude>
    <ClInclude Include="$(SolutionDir)\repositories\cryptopp\cast.h">
      <Filter>Header Files</Filter>
    </ClInclude>
    <ClInclude Include="$(SolutionDir)\repositories\cryptopp\cbcmac.h">
      <Filter>Header Files</Filter>
    </ClInclude>
    <ClInclude Include="$(SolutionDir)\repositories\cryptopp\ccm.h">
      <Filter>Header Files</Filter>
    </ClInclude>
    <ClInclude Include="$(SolutionDir)\repositories\cryptopp\channels.h">
      <Filter>Header Files</Filter>
    </ClInclude>
    <ClInclude Include="$(SolutionDir)\repositories\cryptopp\cmac.h">
      <Filter>Header Files</Filter>
    </ClInclude>
    <ClInclude Include="$(SolutionDir)\repositories\cryptopp\config.h">
      <Filter>Header Files</Filter>
    </ClInclude>
    <ClInclude Include="$(SolutionDir)\repositories\cryptopp\cpu.h">
      <Filter>Header Files</Filter>
    </ClInclude>
    <ClInclude Include="$(SolutionDir)\repositories\cryptopp\crc.h">
      <Filter>Header Files</Filter>
    </ClInclude>
    <ClInclude Include="$(SolutionDir)\repositories\cryptopp\cryptlib.h">
      <Filter>Header Files</Filter>
    </ClInclude>
    <ClInclude Include="$(SolutionDir)\repositories\cryptopp\default.h">
      <Filter>Header Files</Filter>
    </ClInclude>
    <ClInclude Include="$(SolutionDir)\repositories\cryptopp\des.h">
      <Filter>Header Files</Filter>
    </ClInclude>
    <ClInclude Include="$(SolutionDir)\repositories\cryptopp\dh.h">
      <Filter>Header Files</Filter>
    </ClInclude>
    <ClInclude Include="$(SolutionDir)\repositories\cryptopp\dh2.h">
      <Filter>Header Files</Filter>
    </ClInclude>
    <ClInclude Include="$(SolutionDir)\repositories\cryptopp\dmac.h">
      <Filter>Header Files</Filter>
    </ClInclude>
    <ClInclude Include="$(SolutionDir)\repositories\cryptopp\drbg.h">
      <Filter>Header Files</Filter>
    </ClInclude>
    <ClInclude Include="$(SolutionDir)\repositories\cryptopp\dsa.h">
      <Filter>Header Files</Filter>
    </ClInclude>
    <ClInclude Include="$(SolutionDir)\repositories\cryptopp\eax.h">
      <Filter>Header Files</Filter>
    </ClInclude>
    <ClInclude Include="$(SolutionDir)\repositories\cryptopp\ec2n.h">
      <Filter>Header Files</Filter>
    </ClInclude>
    <ClInclude Include="$(SolutionDir)\repositories\cryptopp\eccrypto.h">
      <Filter>Header Files</Filter>
    </ClInclude>
    <ClInclude Include="$(SolutionDir)\repositories\cryptopp\ecp.h">
      <Filter>Header Files</Filter>
    </ClInclude>
    <ClInclude Include="$(SolutionDir)\repositories\cryptopp\ecpoint.h">
      <Filter>Header Files</Filter>
    </ClInclude>
    <ClInclude Include="$(SolutionDir)\repositories\cryptopp\elgamal.h">
      <Filter>Header Files</Filter>
    </ClInclude>
    <ClInclude Include="$(SolutionDir)\repositories\cryptopp\emsa2.h">
      <Filter>Header Files</Filter>
    </ClInclude>
    <ClInclude Include="$(SolutionDir)\repositories\cryptopp\eprecomp.h">
      <Filter>Header Files</Filter>
    </ClInclude>
    <ClInclude Include="$(SolutionDir)\repositories\cryptopp\esign.h">
      <Filter>Header Files</Filter>
    </ClInclude>
    <ClInclude Include="$(SolutionDir)\repositories\cryptopp\files.h">
      <Filter>Header Files</Filter>
    </ClInclude>
    <ClInclude Include="$(SolutionDir)\repositories\cryptopp\filters.h">
      <Filter>Header Files</Filter>
    </ClInclude>
    <ClInclude Include="$(SolutionDir)\repositories\cryptopp\fips140.h">
      <Filter>Header Files</Filter>
    </ClInclude>
    <ClInclude Include="$(SolutionDir)\repositories\cryptopp\fhmqv.h">
      <Filter>Header Files</Filter>
    </ClInclude>
    <ClInclude Include="$(SolutionDir)\repositories\cryptopp\fltrimpl.h">
      <Filter>Header Files</Filter>
    </ClInclude>
    <ClInclude Include="$(SolutionDir)\repositories\cryptopp\gcm.h">
      <Filter>Header Files</Filter>
    </ClInclude>
    <ClInclude Include="$(SolutionDir)\repositories\cryptopp\gf256.h">
      <Filter>Header Files</Filter>
    </ClInclude>
    <ClInclude Include="$(SolutionDir)\repositories\cryptopp\gf2_32.h">
      <Filter>Header Files</Filter>
    </ClInclude>
    <ClInclude Include="$(SolutionDir)\repositories\cryptopp\gf2n.h">
      <Filter>Header Files</Filter>
    </ClInclude>
    <ClInclude Include="$(SolutionDir)\repositories\cryptopp\gfpcrypt.h">
      <Filter>Header Files</Filter>
    </ClInclude>
    <ClInclude Include="$(SolutionDir)\repositories\cryptopp\gost.h">
      <Filter>Header Files</Filter>
    </ClInclude>
    <ClInclude Include="$(SolutionDir)\repositories\cryptopp\gzip.h">
      <Filter>Header Files</Filter>
    </ClInclude>
    <ClInclude Include="$(SolutionDir)\repositories\cryptopp\hex.h">
      <Filter>Header Files</Filter>
    </ClInclude>
    <ClInclude Include="$(SolutionDir)\repositories\cryptopp\hkdf.h">
      <Filter>Header Files</Filter>
    </ClInclude>
    <ClInclude Include="$(SolutionDir)\repositories\cryptopp\hmac.h">
      <Filter>Header Files</Filter>
    </ClInclude>
    <ClInclude Include="$(SolutionDir)\repositories\cryptopp\hmqv.h">
      <Filter>Header Files</Filter>
    </ClInclude>
    <ClInclude Include="$(SolutionDir)\repositories\cryptopp\hrtimer.h">
      <Filter>Header Files</Filter>
    </ClInclude>
    <ClInclude Include="$(SolutionDir)\repositories\cryptopp\ida.h">
      <Filter>Header Files</Filter>
    </ClInclude>
    <ClInclude Include="$(SolutionDir)\repositories\cryptopp\idea.h">
      <Filter>Header Files</Filter>
    </ClInclude>
    <ClInclude Include="$(SolutionDir)\repositories\cryptopp\integer.h">
      <Filter>Header Files</Filter>
    </ClInclude>
    <ClInclude Include="$(SolutionDir)\repositories\cryptopp\iterhash.h">
      <Filter>Header Files</Filter>
    </ClInclude>
    <ClInclude Include="$(SolutionDir)\repositories\cryptopp\kalyna.h">
      <Filter>Header Files</Filter>
    </ClInclude>
    <ClInclude Include="$(SolutionDir)\repositories\cryptopp\keccak.h">
      <Filter>Header Files</Filter>
    </ClInclude>
    <ClInclude Include="$(SolutionDir)\repositories\cryptopp\lubyrack.h">
      <Filter>Header Files</Filter>
    </ClInclude>
    <ClInclude Include="$(SolutionDir)\repositories\cryptopp\luc.h">
      <Filter>Header Files</Filter>
    </ClInclude>
    <ClInclude Include="$(SolutionDir)\repositories\cryptopp\mars.h">
      <Filter>Header Files</Filter>
    </ClInclude>
    <ClInclude Include="$(SolutionDir)\repositories\cryptopp\md2.h">
      <Filter>Header Files</Filter>
    </ClInclude>
    <ClInclude Include="$(SolutionDir)\repositories\cryptopp\md4.h">
      <Filter>Header Files</Filter>
    </ClInclude>
    <ClInclude Include="$(SolutionDir)\repositories\cryptopp\md5.h">
      <Filter>Header Files</Filter>
    </ClInclude>
    <ClInclude Include="$(SolutionDir)\repositories\cryptopp\mdc.h">
      <Filter>Header Files</Filter>
    </ClInclude>
    <ClInclude Include="$(SolutionDir)\repositories\cryptopp\misc.h">
      <Filter>Header Files</Filter>
    </ClInclude>
    <ClInclude Include="$(SolutionDir)\repositories\cryptopp\modarith.h">
      <Filter>Header Files</Filter>
    </ClInclude>
    <ClInclude Include="$(SolutionDir)\repositories\cryptopp\modes.h">
      <Filter>Header Files</Filter>
    </ClInclude>
    <ClInclude Include="$(SolutionDir)\repositories\cryptopp\modexppc.h">
      <Filter>Header Files</Filter>
    </ClInclude>
    <ClInclude Include="$(SolutionDir)\repositories\cryptopp\mqueue.h">
      <Filter>Header Files</Filter>
    </ClInclude>
    <ClInclude Include="$(SolutionDir)\repositories\cryptopp\mqv.h">
      <Filter>Header Files</Filter>
    </ClInclude>
    <ClInclude Include="$(SolutionDir)\repositories\cryptopp\nbtheory.h">
      <Filter>Header Files</Filter>
    </ClInclude>
    <ClInclude Include="$(SolutionDir)\repositories\cryptopp\naclite.h">
      <Filter>Header Files</Filter>
    </ClInclude>
    <ClInclude Include="$(SolutionDir)\repositories\cryptopp\nr.h">
      <Filter>Header Files</Filter>
    </ClInclude>
    <ClInclude Include="$(SolutionDir)\repositories\cryptopp\oaep.h">
      <Filter>Header Files</Filter>
    </ClInclude>
    <ClInclude Include="$(SolutionDir)\repositories\cryptopp\oids.h">
      <Filter>Header Files</Filter>
    </ClInclude>
    <ClInclude Include="$(SolutionDir)\repositories\cryptopp\osrng.h">
      <Filter>Header Files</Filter>
    </ClInclude>
    <ClInclude Include="$(SolutionDir)\repositories\cryptopp\padlkrng.h">
      <Filter>Header Files</Filter>
    </ClInclude>
    <ClInclude Include="$(SolutionDir)\repositories\cryptopp\panama.h">
      <Filter>Header Files</Filter>
    </ClInclude>
    <ClInclude Include="$(SolutionDir)\repositories\cryptopp\pch.h">
      <Filter>Header Files</Filter>
    </ClInclude>
    <ClInclude Include="$(SolutionDir)\repositories\cryptopp\pkcspad.h">
      <Filter>Header Files</Filter>
    </ClInclude>
    <ClInclude Include="$(SolutionDir)\repositories\cryptopp\poly1305.h">
      <Filter>Header Files</Filter>
    </ClInclude>
    <ClInclude Include="$(SolutionDir)\repositories\cryptopp\polynomi.h">
      <Filter>Header Files</Filter>
    </ClInclude>
    <ClInclude Include="$(SolutionDir)\repositories\cryptopp\pssr.h">
      <Filter>Header Files</Filter>
    </ClInclude>
    <ClInclude Include="$(SolutionDir)\repositories\cryptopp\pubkey.h">
      <Filter>Header Files</Filter>
    </ClInclude>
    <ClInclude Include="$(SolutionDir)\repositories\cryptopp\pwdbased.h">
      <Filter>Header Files</Filter>
    </ClInclude>
    <ClInclude Include="$(SolutionDir)\repositories\cryptopp\queue.h">
      <Filter>Header Files</Filter>
    </ClInclude>
    <ClInclude Include="$(SolutionDir)\repositories\cryptopp\rabin.h">
      <Filter>Header Files</Filter>
    </ClInclude>
    <ClInclude Include="$(SolutionDir)\repositories\cryptopp\randpool.h">
      <Filter>Header Files</Filter>
    </ClInclude>
    <ClInclude Include="$(SolutionDir)\repositories\cryptopp\rc2.h">
      <Filter>Header Files</Filter>
    </ClInclude>
    <ClInclude Include="$(SolutionDir)\repositories\cryptopp\rc5.h">
      <Filter>Header Files</Filter>
    </ClInclude>
    <ClInclude Include="$(SolutionDir)\repositories\cryptopp\rc6.h">
      <Filter>Header Files</Filter>
    </ClInclude>
    <ClInclude Include="$(SolutionDir)\repositories\cryptopp\rdrand.h">
      <Filter>Header Files</Filter>
    </ClInclude>
    <ClInclude Include="$(SolutionDir)\repositories\cryptopp\rijndael.h">
      <Filter>Header Files</Filter>
    </ClInclude>
    <ClInclude Include="$(SolutionDir)\repositories\cryptopp\ripemd.h">
      <Filter>Header Files</Filter>
    </ClInclude>
    <ClInclude Include="$(SolutionDir)\repositories\cryptopp\rng.h">
      <Filter>Header Files</Filter>
    </ClInclude>
    <ClInclude Include="$(SolutionDir)\repositories\cryptopp\rsa.h">
      <Filter>Header Files</Filter>
    </ClInclude>
    <ClInclude Include="$(SolutionDir)\repositories\cryptopp\rw.h">
      <Filter>Header Files</Filter>
    </ClInclude>
    <ClInclude Include="$(SolutionDir)\repositories\cryptopp\safer.h">
      <Filter>Header Files</Filter>
    </ClInclude>
    <ClInclude Include="$(SolutionDir)\repositories\cryptopp\salsa.h">
      <Filter>Header Files</Filter>
    </ClInclude>
    <ClInclude Include="$(SolutionDir)\repositories\cryptopp\seal.h">
      <Filter>Header Files</Filter>
    </ClInclude>
    <ClInclude Include="$(SolutionDir)\repositories\cryptopp\secblock.h">
      <Filter>Header Files</Filter>
    </ClInclude>
    <ClInclude Include="$(SolutionDir)\repositories\cryptopp\seckey.h">
      <Filter>Header Files</Filter>
    </ClInclude>
    <ClInclude Include="$(SolutionDir)\repositories\cryptopp\seed.h">
      <Filter>Header Files</Filter>
    </ClInclude>
    <ClInclude Include="$(SolutionDir)\repositories\cryptopp\serpent.h">
      <Filter>Header Files</Filter>
    </ClInclude>
    <ClInclude Include="$(SolutionDir)\repositories\cryptopp\sha.h">
      <Filter>Header Files</Filter>
    </ClInclude>
    <ClInclude Include="$(SolutionDir)\repositories\cryptopp\sha3.h">
      <Filter>Header Files</Filter>
    </ClInclude>
    <ClInclude Include="$(SolutionDir)\repositories\cryptopp\shacal2.h">
      <Filter>Header Files</Filter>
    </ClInclude>
    <ClInclude Include="$(SolutionDir)\repositories\cryptopp\shark.h">
      <Filter>Header Files</Filter>
    </ClInclude>
    <ClInclude Include="$(SolutionDir)\repositories\cryptopp\simon.h">
      <Filter>Header Files</Filter>
    </ClInclude>
    <ClInclude Include="$(SolutionDir)\repositories\cryptopp\simple.h">
      <Filter>Header Files</Filter>
    </ClInclude>
    <ClInclude Include="$(SolutionDir)\repositories\cryptopp\siphash.h">
      <Filter>Header Files</Filter>
    </ClInclude>
    <ClInclude Include="$(SolutionDir)\repositories\cryptopp\skipjack.h">
      <Filter>Header Files</Filter>
    </ClInclude>
    <ClInclude Include="$(SolutionDir)\repositories\cryptopp\sm3.h">
      <Filter>Header Files</Filter>
    </ClInclude>
    <ClInclude Include="$(SolutionDir)\repositories\cryptopp\sm4.h">
      <Filter>Header Files</Filter>
    </ClInclude>
    <ClInclude Include="$(SolutionDir)\repositories\cryptopp\smartptr.h">
      <Filter>Header Files</Filter>
    </ClInclude>
    <ClInclude Include="$(SolutionDir)\repositories\cryptopp\speck.h">
      <Filter>Header Files</Filter>
    </ClInclude>
    <ClInclude Include="$(SolutionDir)\repositories\cryptopp\sosemanuk.h">
      <Filter>Header Files</Filter>
    </ClInclude>
    <ClInclude Include="$(SolutionDir)\repositories\cryptopp\square.h">
      <Filter>Header Files</Filter>
    </ClInclude>
    <ClInclude Include="$(SolutionDir)\repositories\cryptopp\stdcpp.h">
      <Filter>Header Files</Filter>
    </ClInclude>
    <ClInclude Include="$(SolutionDir)\repositories\cryptopp\strciphr.h">
      <Filter>Header Files</Filter>
    </ClInclude>
    <ClInclude Include="$(SolutionDir)\repositories\cryptopp\tea.h">
      <Filter>Header Files</Filter>
    </ClInclude>
    <ClInclude Include="$(SolutionDir)\repositories\cryptopp\threefish.h">
      <Filter>Header Files</Filter>
    </ClInclude>
    <ClInclude Include="$(SolutionDir)\repositories\cryptopp\tiger.h">
      <Filter>Header Files</Filter>
    </ClInclude>
    <ClInclude Include="$(SolutionDir)\repositories\cryptopp\trap.h">
      <Filter>Header Files</Filter>
    </ClInclude>
    <ClInclude Include="$(SolutionDir)\repositories\cryptopp\trunhash.h">
      <Filter>Header Files</Filter>
    </ClInclude>
    <ClInclude Include="$(SolutionDir)\repositories\cryptopp\ttmac.h">
      <Filter>Header Files</Filter>
    </ClInclude>
    <ClInclude Include="$(SolutionDir)\repositories\cryptopp\tweetnacl.h">
      <Filter>Header Files</Filter>
    </ClInclude>
    <ClInclude Include="$(SolutionDir)\repositories\cryptopp\twofish.h">
      <Filter>Header Files</Filter>
    </ClInclude>
    <ClInclude Include="$(SolutionDir)\repositories\cryptopp\vmac.h">
      <Filter>Header Files</Filter>
    </ClInclude>
    <ClInclude Include="$(SolutionDir)\repositories\cryptopp\wake.h">
      <Filter>Header Files</Filter>
    </ClInclude>
    <ClInclude Include="$(SolutionDir)\repositories\cryptopp\whrlpool.h">
      <Filter>Header Files</Filter>
    </ClInclude>
    <ClInclude Include="$(SolutionDir)\repositories\cryptopp\words.h">
      <Filter>Header Files</Filter>
    </ClInclude>
    <ClInclude Include="$(SolutionDir)\repositories\cryptopp\xtr.h">
      <Filter>Header Files</Filter>
    </ClInclude>
    <ClInclude Include="$(SolutionDir)\repositories\cryptopp\xtrcrypt.h">
      <Filter>Header Files</Filter>
    </ClInclude>
    <ClInclude Include="$(SolutionDir)\repositories\cryptopp\zdeflate.h">
      <Filter>Header Files</Filter>
    </ClInclude>
    <ClInclude Include="$(SolutionDir)\repositories\cryptopp\zinflate.h">
      <Filter>Header Files</Filter>
    </ClInclude>
    <ClInclude Include="$(SolutionDir)\repositories\cryptopp\zlib.h">
      <Filter>Header Files</Filter>
    </ClInclude>
    <ClInclude Include="$(SolutionDir)\repositories\cryptopp\chacha.h">
      <Filter>Header Files</Filter>
    </ClInclude>
    <ClInclude Include="$(SolutionDir)\repositories\cryptopp\adv_simd.h" />
    <ClInclude Include="$(SolutionDir)\repositories\cryptopp\allocate.h" />
    <ClInclude Include="$(SolutionDir)\repositories\cryptopp\chachapoly.h" />
    <ClInclude Include="$(SolutionDir)\repositories\cryptopp\cham.h" />
    <ClInclude Include="$(SolutionDir)\repositories\cryptopp\config_align.h" />
    <ClInclude Include="$(SolutionDir)\repositories\cryptopp\config_asm.h" />
    <ClInclude Include="$(SolutionDir)\repositories\cryptopp\config_cpu.h" />
    <ClInclude Include="$(SolutionDir)\repositories\cryptopp\config_cxx.h" />
    <ClInclude Include="$(SolutionDir)\repositories\cryptopp\config_dll.h" />
    <ClInclude Include="$(SolutionDir)\repositories\cryptopp\config_int.h" />
    <ClInclude Include="$(SolutionDir)\repositories\cryptopp\config_misc.h" />
    <ClInclude Include="$(SolutionDir)\repositories\cryptopp\config_ns.h" />
    <ClInclude Include="$(SolutionDir)\repositories\cryptopp\config_os.h" />
    <ClInclude Include="$(SolutionDir)\repositories\cryptopp\config_ver.h" />
    <ClInclude Include="$(SolutionDir)\repositories\cryptopp\darn.h" />
    <ClInclude Include="$(SolutionDir)\repositories\cryptopp\donna.h" />
    <ClInclude Include="$(SolutionDir)\repositories\cryptopp\donna_32.h" />
    <ClInclude Include="$(SolutionDir)\repositories\cryptopp\donna_64.h" />
    <ClInclude Include="$(SolutionDir)\repositories\cryptopp\donna_sse.h" />
    <ClInclude Include="$(SolutionDir)\repositories\cryptopp\hc128.h" />
    <ClInclude Include="$(SolutionDir)\repositories\cryptopp\hc256.h" />
    <ClInclude Include="$(SolutionDir)\repositories\cryptopp\hight.h" />
    <ClInclude Include="$(SolutionDir)\repositories\cryptopp\lea.h" />
    <ClInclude Include="$(SolutionDir)\repositories\cryptopp\rabbit.h" />
    <ClInclude Include="$(SolutionDir)\repositories\cryptopp\scrypt.h" />
    <ClInclude Include="$(SolutionDir)\repositories\cryptopp\secblockfwd.h" />
    <ClInclude Include="$(SolutionDir)\repositories\cryptopp\shake.h" />
    <ClInclude Include="$(SolutionDir)\repositories\cryptopp\simeck.h" />
    <ClInclude Include="$(SolutionDir)\repositories\cryptopp\xed25519.h" />
    <ClInclude Include="$(SolutionDir)\repositories\cryptopp\xts.h" />
  </ItemGroup>
  <ItemGroup>
    <CustomBuild Include="$(SolutionDir)\repositories\cryptopp\rdrand.asm">
      <Filter>Source Files</Filter>
    </CustomBuild>
  </ItemGroup>
</Project>